
Microsoft Visual Studio Solution File, Format Version 12.00
# Visual Studio 15
VisualStudioVersion = 15.0.28010.2050
MinimumVisualStudioVersion = 10.0.40219.1
Project("{FAE04EC0-301F-11D3-BF4B-00C04F79EFBC}") = "KartinaDotNetFramework", "KartinaDotNetFramework\KartinaDotNetFramework.csproj", "{0BFE321D-F8DD-4238-9249-55E411F24726}"
EndProject
Global
	GlobalSection(SolutionConfigurationPlatforms) = preSolution
		Debug|Any CPU = Debug|Any CPU
		Release|Any CPU = Release|Any CPU
	EndGlobalSection
	GlobalSection(ProjectConfigurationPlatforms) = postSolution
		{0BFE321D-F8DD-4238-9249-55E411F24726}.Debug|Any CPU.ActiveCfg = Debug|Any CPU
		{0BFE321D-F8DD-4238-9249-55E411F24726}.Debug|Any CPU.Build.0 = Debug|Any CPU
		{0BFE321D-F8DD-4238-9249-55E411F24726}.Release|Any CPU.ActiveCfg = Release|Any CPU
		{0BFE321D-F8DD-4238-9249-55E411F24726}.Release|Any CPU.Build.0 = Release|Any CPU
	EndGlobalSection
	GlobalSection(SolutionProperties) = preSolution
		HideSolutionNode = FALSE
	EndGlobalSection
	GlobalSection(ExtensibilityGlobals) = postSolution
		SolutionGuid = {3DC36E69-833D-422A-8221-9E948A3F4AF9}
	EndGlobalSection
EndGlobal
